{
  "version": 4,
  "terraform_version": "1.9.8",
  "serial": 27,
  "lineage": "39cecf8d-c6c7-2037-487e-9a3852dcad73",
  "outputs": {
    "private_ip_vm2": {
      "value": "10.15.0.10",
      "type": "string"
    },
    "public_ip_vm1": {
      "value": "52.166.91.142",
      "type": "string"
    }
  },
  "resources": [
    {
      "mode": "managed",
      "type": "azurerm_linux_virtual_machine",
      "name": "vm1",
      "provider": "provider[\"registry.terraform.io/hashicorp/azurerm\"]",
      "instances": [
        {
          "schema_version": 0,
          "attributes": {
            "additional_capabilities": [],
            "admin_password": null,
            "admin_ssh_key": [
              {
                "public_key": "ssh-rsa AAAAB3NzaC1yc2EAAAADAQABAAACAQDY7rZXaezdSMF3ms1r9L2s30A1/ckYOKGjWpLoGp1VwKBd2Dc54u2yOvNCaEjeLPv9xBJyguGgQ9A7BqCpLq+OsozX1j02zoTyZNkNd9hDKyyAWbMqGkFuVi+iH+Tr6eDJTQUCXuDnQNhPL1Nxrmg/AfKqizkyh3Vz9N/4FRvieZNF4r3JSAptrOgExczjY8+jaCmWBl29YhUj02EI7pM2k/ygQ/ZtTsalUkoVagITXvRuXN5JZptl1EfyVAblwiKDvDOnQtDxb78B+SYBuIWLFXySkqrr+MGviziBXYgvynfjGGvS4jTEzLwpTqDU9LieSfv9HuJUHiEBTvOCCbcl5d9rs0uiuY7eGaSS9A9Od6SPhXEh6rQSrIzIDPvw8yFmL5CUGjjl+w/4yUpZNydb5oXz+KI0gBlDk4YcEQ5oBk24vrvxymsYUKP6N+Sosq8gvj9KrIDT5VrENzydb4TRasqtvMI2jxdtFcHunWxTIifd7wv2oWIgfD6c90qNgWOQFUNHfeNLMu+OAQAUA1eIlDSO+Xiy9qFYljzZhvBTLDAgc3NaC3S+HDVOkQ4hKtrI7e/rbTLVIQatwcwpkQi3+B6QrDVUbXNMZtckLJIWrZoJ4dpvUKJaeRyGI1q7zQh0gcGtJkmA9jo/zlQHvgWCqMSaZ8Lj+/GW046f41NWfw== github068@gmail.com\n",
                "username": "azureadmin"
              }
            ],
            "admin_username": "azureadmin",
            "allow_extension_operations": true,
            "availability_set_id": "",
            "boot_diagnostics": [],
            "bypass_platform_safety_checks_on_user_schedule_enabled": false,
            "capacity_reservation_group_id": "",
            "computer_name": "test1-vm",
            "custom_data": null,
            "dedicated_host_group_id": "",
            "dedicated_host_id": "",
            "disable_password_authentication": true,
            "disk_controller_type": "",
            "edge_zone": "",
            "encryption_at_host_enabled": false,
            "eviction_policy": "",
            "extensions_time_budget": "PT1H30M",
            "gallery_application": [],
            "id": "/subscriptions/28e22318-ce45-4187-bd12-b3954b658426/resourceGroups/evaultion_rg/providers/Microsoft.Compute/virtualMachines/test1-vm",
            "identity": [],
            "license_type": "",
            "location": "westeurope",
            "max_bid_price": -1,
            "name": "test1-vm",
            "network_interface_ids": [
              "/subscriptions/28e22318-ce45-4187-bd12-b3954b658426/resourceGroups/evaultion_rg/providers/Microsoft.Network/networkInterfaces/vmnic1"
            ],
            "os_disk": [
              {
                "caching": "ReadWrite",
                "diff_disk_settings": [],
                "disk_encryption_set_id": "",
                "disk_size_gb": 30,
                "name": "test1-vm_disk1_1c56f4131d3b49f4a8ae2e025e80cd9d",
                "secure_vm_disk_encryption_set_id": "",
                "security_encryption_type": "",
                "storage_account_type": "Standard_LRS",
                "write_accelerator_enabled": false
              }
            ],
            "os_image_notification": [],
            "patch_assessment_mode": "ImageDefault",
            "patch_mode": "ImageDefault",
            "plan": [],
            "platform_fault_domain": -1,
            "priority": "Regular",
            "private_ip_address": "10.5.2.4",
            "private_ip_addresses": [
              "10.5.2.4"
            ],
            "provision_vm_agent": true,
            "proximity_placement_group_id": "",
            "public_ip_address": "52.166.91.142",
            "public_ip_addresses": [
              "52.166.91.142"
            ],
            "reboot_setting": "",
            "resource_group_name": "evaultion_rg",
            "secret": [],
            "secure_boot_enabled": false,
            "size": "Standard_B1s",
            "source_image_id": "",
            "source_image_reference": [
              {
                "offer": "0001-com-ubuntu-server-jammy",
                "publisher": "Canonical",
                "sku": "22_04-lts",
                "version": "latest"
              }
            ],
            "tags": {},
            "termination_notification": [],
            "timeouts": null,
            "user_data": "",
            "virtual_machine_id": "cdb9649a-008c-4d03-801c-742812ccdd77",
            "virtual_machine_scale_set_id": "",
            "vm_agent_platform_updates_enabled": false,
            "vtpm_enabled": false,
            "zone": ""
          },
          "sensitive_attributes": [
            [
              {
                "type": "get_attr",
                "value": "admin_password"
              }
            ],
            [
              {
                "type": "get_attr",
                "value": "custom_data"
              }
            ]
          ],
          "private": "eyJlMmJmYjczMC1lY2FhLTExZTYtOGY4OC0zNDM2M2JjN2M0YzAiOnsiY3JlYXRlIjoyNzAwMDAwMDAwMDAwLCJkZWxldGUiOjI3MDAwMDAwMDAwMDAsInJlYWQiOjMwMDAwMDAwMDAwMCwidXBkYXRlIjoyNzAwMDAwMDAwMDAwfX0=",
          "dependencies": [
            "azurerm_network_interface.nicvm1",
            "azurerm_public_ip.public-ip",
            "azurerm_resource_group.rg",
            "azurerm_subnet.subnet1"
          ]
        }
      ]
    },
    {
      "mode": "managed",
      "type": "azurerm_linux_virtual_machine",
      "name": "vm2",
      "provider": "provider[\"registry.terraform.io/hashicorp/azurerm\"]",
      "instances": [
        {
          "schema_version": 0,
          "attributes": {
            "additional_capabilities": [],
            "admin_password": null,
            "admin_ssh_key": [
              {
                "public_key": "ssh-rsa AAAAB3NzaC1yc2EAAAADAQABAAACAQDY7rZXaezdSMF3ms1r9L2s30A1/ckYOKGjWpLoGp1VwKBd2Dc54u2yOvNCaEjeLPv9xBJyguGgQ9A7BqCpLq+OsozX1j02zoTyZNkNd9hDKyyAWbMqGkFuVi+iH+Tr6eDJTQUCXuDnQNhPL1Nxrmg/AfKqizkyh3Vz9N/4FRvieZNF4r3JSAptrOgExczjY8+jaCmWBl29YhUj02EI7pM2k/ygQ/ZtTsalUkoVagITXvRuXN5JZptl1EfyVAblwiKDvDOnQtDxb78B+SYBuIWLFXySkqrr+MGviziBXYgvynfjGGvS4jTEzLwpTqDU9LieSfv9HuJUHiEBTvOCCbcl5d9rs0uiuY7eGaSS9A9Od6SPhXEh6rQSrIzIDPvw8yFmL5CUGjjl+w/4yUpZNydb5oXz+KI0gBlDk4YcEQ5oBk24vrvxymsYUKP6N+Sosq8gvj9KrIDT5VrENzydb4TRasqtvMI2jxdtFcHunWxTIifd7wv2oWIgfD6c90qNgWOQFUNHfeNLMu+OAQAUA1eIlDSO+Xiy9qFYljzZhvBTLDAgc3NaC3S+HDVOkQ4hKtrI7e/rbTLVIQatwcwpkQi3+B6QrDVUbXNMZtckLJIWrZoJ4dpvUKJaeRyGI1q7zQh0gcGtJkmA9jo/zlQHvgWCqMSaZ8Lj+/GW046f41NWfw== github068@gmail.com\n",
                "username": "azureadmin"
              }
            ],
            "admin_username": "azureadmin",
            "allow_extension_operations": true,
            "availability_set_id": "",
            "boot_diagnostics": [],
            "bypass_platform_safety_checks_on_user_schedule_enabled": false,
            "capacity_reservation_group_id": "",
            "computer_name": "test2-vm",
            "custom_data": null,
            "dedicated_host_group_id": "",
            "dedicated_host_id": "",
            "disable_password_authentication": true,
            "disk_controller_type": "",
            "edge_zone": "",
            "encryption_at_host_enabled": false,
            "eviction_policy": "",
            "extensions_time_budget": "PT1H30M",
            "gallery_application": [],
            "id": "/subscriptions/28e22318-ce45-4187-bd12-b3954b658426/resourceGroups/evaultion_rg/providers/Microsoft.Compute/virtualMachines/test2-vm",
            "identity": [],
            "license_type": "",
            "location": "westeurope",
            "max_bid_price": -1,
            "name": "test2-vm",
            "network_interface_ids": [
              "/subscriptions/28e22318-ce45-4187-bd12-b3954b658426/resourceGroups/evaultion_rg/providers/Microsoft.Network/networkInterfaces/nic-vm2"
            ],
            "os_disk": [
              {
                "caching": "ReadWrite",
                "diff_disk_settings": [],
                "disk_encryption_set_id": "",
                "disk_size_gb": 30,
                "name": "test2-vm_disk1_5b3db96e5060426f8ff3b385cd2943f2",
                "secure_vm_disk_encryption_set_id": "",
                "security_encryption_type": "",
                "storage_account_type": "Standard_LRS",
                "write_accelerator_enabled": false
              }
            ],
            "os_image_notification": [],
            "patch_assessment_mode": "ImageDefault",
            "patch_mode": "ImageDefault",
            "plan": [],
            "platform_fault_domain": -1,
            "priority": "Regular",
            "private_ip_address": "10.15.0.10",
            "private_ip_addresses": [
              "10.15.0.10"
            ],
            "provision_vm_agent": true,
            "proximity_placement_group_id": "",
            "public_ip_address": "",
            "public_ip_addresses": [],
            "reboot_setting": "",
            "resource_group_name": "evaultion_rg",
            "secret": [],
            "secure_boot_enabled": false,
            "size": "Standard_B1s",
            "source_image_id": "",
            "source_image_reference": [
              {
                "offer": "0001-com-ubuntu-server-jammy",
                "publisher": "Canonical",
                "sku": "22_04-lts",
                "version": "latest"
              }
            ],
            "tags": {},
            "termination_notification": [],
            "timeouts": null,
            "user_data": "",
            "virtual_machine_id": "19b67451-2845-42a9-99d4-f6e2ac6c03e4",
            "virtual_machine_scale_set_id": "",
            "vm_agent_platform_updates_enabled": false,
            "vtpm_enabled": false,
            "zone": ""
          },
          "sensitive_attributes": [
            [
              {
                "type": "get_attr",
                "value": "custom_data"
              }
            ],
            [
              {
                "type": "get_attr",
                "value": "admin_password"
              }
            ]
          ],
          "private": "eyJlMmJmYjczMC1lY2FhLTExZTYtOGY4OC0zNDM2M2JjN2M0YzAiOnsiY3JlYXRlIjoyNzAwMDAwMDAwMDAwLCJkZWxldGUiOjI3MDAwMDAwMDAwMDAsInJlYWQiOjMwMDAwMDAwMDAwMCwidXBkYXRlIjoyNzAwMDAwMDAwMDAwfX0=",
          "dependencies": [
            "azurerm_network_interface.nicvm2",
            "azurerm_resource_group.rg",
            "azurerm_subnet.subnet2"
          ]
        }
      ]
    },
    {
      "mode": "managed",
      "type": "azurerm_network_interface",
      "name": "nicvm1",
      "provider": "provider[\"registry.terraform.io/hashicorp/azurerm\"]",
      "instances": [
        {
          "schema_version": 0,
          "attributes": {
            "accelerated_networking_enabled": false,
            "applied_dns_servers": [],
            "auxiliary_mode": "",
            "auxiliary_sku": "",
            "dns_servers": [],
            "edge_zone": "",
            "id": "/subscriptions/28e22318-ce45-4187-bd12-b3954b658426/resourceGroups/evaultion_rg/providers/Microsoft.Network/networkInterfaces/vmnic1",
            "internal_dns_name_label": "",
            "internal_domain_name_suffix": "cmgfgxlpcasutfb2xickkag0ac.ax.internal.cloudapp.net",
            "ip_configuration": [
              {
                "gateway_load_balancer_frontend_ip_configuration_id": "",
                "name": "ip",
                "primary": true,
                "private_ip_address": "10.5.2.4",
                "private_ip_address_allocation": "Dynamic",
                "private_ip_address_version": "IPv4",
                "public_ip_address_id": "/subscriptions/28e22318-ce45-4187-bd12-b3954b658426/resourceGroups/evaultion_rg/providers/Microsoft.Network/publicIPAddresses/publicip",
                "subnet_id": "/subscriptions/28e22318-ce45-4187-bd12-b3954b658426/resourceGroups/evaultion_rg/providers/Microsoft.Network/virtualNetworks/network_1/subnets/test_subnet1"
              }
            ],
            "ip_forwarding_enabled": false,
            "location": "westeurope",
            "mac_address": "60-45-BD-F5-CF-F2",
            "name": "vmnic1",
            "private_ip_address": "10.5.2.4",
            "private_ip_addresses": [
              "10.5.2.4"
            ],
            "resource_group_name": "evaultion_rg",
            "tags": {},
            "timeouts": null,
            "virtual_machine_id": "/subscriptions/28e22318-ce45-4187-bd12-b3954b658426/resourceGroups/evaultion_rg/providers/Microsoft.Compute/virtualMachines/test1-vm"
          },
          "sensitive_attributes": [],
          "private": "eyJlMmJmYjczMC1lY2FhLTExZTYtOGY4OC0zNDM2M2JjN2M0YzAiOnsiY3JlYXRlIjoxODAwMDAwMDAwMDAwLCJkZWxldGUiOjE4MDAwMDAwMDAwMDAsInJlYWQiOjMwMDAwMDAwMDAwMCwidXBkYXRlIjoxODAwMDAwMDAwMDAwfX0=",
          "dependencies": [
            "azurerm_public_ip.public-ip",
            "azurerm_resource_group.rg",
            "azurerm_subnet.subnet1"
          ]
        }
      ]
    },
    {
      "mode": "managed",
      "type": "azurerm_network_interface",
      "name": "nicvm2",
      "provider": "provider[\"registry.terraform.io/hashicorp/azurerm\"]",
      "instances": [
        {
          "schema_version": 0,
          "attributes": {
            "accelerated_networking_enabled": false,
            "applied_dns_servers": [],
            "auxiliary_mode": "",
            "auxiliary_sku": "",
            "dns_servers": [],
            "edge_zone": "",
            "id": "/subscriptions/28e22318-ce45-4187-bd12-b3954b658426/resourceGroups/evaultion_rg/providers/Microsoft.Network/networkInterfaces/nic-vm2",
            "internal_dns_name_label": "",
            "internal_domain_name_suffix": "e0zz3131nheuvcxcpfclfb5kfd.ax.internal.cloudapp.net",
            "ip_configuration": [
              {
                "gateway_load_balancer_frontend_ip_configuration_id": "",
                "name": "internal",
                "primary": true,
                "private_ip_address": "10.15.0.10",
                "private_ip_address_allocation": "Static",
                "private_ip_address_version": "IPv4",
                "public_ip_address_id": "",
                "subnet_id": "/subscriptions/28e22318-ce45-4187-bd12-b3954b658426/resourceGroups/evaultion_rg/providers/Microsoft.Network/virtualNetworks/network_2/subnets/test_subnet2"
              }
            ],
            "ip_forwarding_enabled": false,
            "location": "westeurope",
            "mac_address": "60-45-BD-8C-FE-57",
            "name": "nic-vm2",
            "private_ip_address": "10.15.0.10",
            "private_ip_addresses": [
              "10.15.0.10"
            ],
            "resource_group_name": "evaultion_rg",
            "tags": {},
            "timeouts": null,
            "virtual_machine_id": "/subscriptions/28e22318-ce45-4187-bd12-b3954b658426/resourceGroups/evaultion_rg/providers/Microsoft.Compute/virtualMachines/test2-vm"
          },
          "sensitive_attributes": [],
          "private": "eyJlMmJmYjczMC1lY2FhLTExZTYtOGY4OC0zNDM2M2JjN2M0YzAiOnsiY3JlYXRlIjoxODAwMDAwMDAwMDAwLCJkZWxldGUiOjE4MDAwMDAwMDAwMDAsInJlYWQiOjMwMDAwMDAwMDAwMCwidXBkYXRlIjoxODAwMDAwMDAwMDAwfX0=",
          "dependencies": [
            "azurerm_resource_group.rg",
            "azurerm_subnet.subnet2"
          ]
        }
      ]
    },
    {
      "mode": "managed",
      "type": "azurerm_public_ip",
      "name": "public-ip",
      "provider": "provider[\"registry.terraform.io/hashicorp/azurerm\"]",
      "instances": [
        {
          "schema_version": 0,
          "attributes": {
            "allocation_method": "Static",
            "ddos_protection_mode": "VirtualNetworkInherited",
            "ddos_protection_plan_id": null,
            "domain_name_label": null,
            "domain_name_label_scope": null,
            "edge_zone": "",
            "fqdn": null,
            "id": "/subscriptions/28e22318-ce45-4187-bd12-b3954b658426/resourceGroups/evaultion_rg/providers/Microsoft.Network/publicIPAddresses/publicip",
            "idle_timeout_in_minutes": 4,
            "ip_address": "52.166.91.142",
            "ip_tags": {},
            "ip_version": "IPv4",
            "location": "westeurope",
            "name": "publicip",
            "public_ip_prefix_id": null,
            "resource_group_name": "evaultion_rg",
            "reverse_fqdn": null,
            "sku": "Standard",
            "sku_tier": "Regional",
            "tags": {},
            "timeouts": null,
            "zones": []
          },
          "sensitive_attributes": [],
          "private": "eyJlMmJmYjczMC1lY2FhLTExZTYtOGY4OC0zNDM2M2JjN2M0YzAiOnsiY3JlYXRlIjoxODAwMDAwMDAwMDAwLCJkZWxldGUiOjE4MDAwMDAwMDAwMDAsInJlYWQiOjMwMDAwMDAwMDAwMCwidXBkYXRlIjoxODAwMDAwMDAwMDAwfX0=",
          "dependencies": [
            "azurerm_resource_group.rg"
          ]
        }
      ]
    },
    {
      "mode": "managed",
      "type": "azurerm_resource_group",
      "name": "rg",
      "provider": "provider[\"registry.terraform.io/hashicorp/azurerm\"]",
      "instances": [
        {
          "schema_version": 0,
          "attributes": {
            "id": "/subscriptions/28e22318-ce45-4187-bd12-b3954b658426/resourceGroups/evaultion_rg",
            "location": "westeurope",
            "managed_by": "",
            "name": "evaultion_rg",
            "tags": {},
            "timeouts": null
          },
          "sensitive_attributes": [],
          "private": "eyJlMmJmYjczMC1lY2FhLTExZTYtOGY4OC0zNDM2M2JjN2M0YzAiOnsiY3JlYXRlIjo1NDAwMDAwMDAwMDAwLCJkZWxldGUiOjU0MDAwMDAwMDAwMDAsInJlYWQiOjMwMDAwMDAwMDAwMCwidXBkYXRlIjo1NDAwMDAwMDAwMDAwfX0="
        }
      ]
    },
    {
      "mode": "managed",
      "type": "azurerm_ssh_public_key",
      "name": "ssh",
      "provider": "provider[\"registry.terraform.io/hashicorp/azurerm\"]",
      "instances": [
        {
          "schema_version": 0,
          "attributes": {
            "id": "/subscriptions/28e22318-ce45-4187-bd12-b3954b658426/resourceGroups/evaultion_rg/providers/Microsoft.Compute/sshPublicKeys/testsshkey",
            "location": "westeurope",
            "name": "testsshkey",
            "public_key": "ssh-rsa AAAAB3NzaC1yc2EAAAADAQABAAACAQDY7rZXaezdSMF3ms1r9L2s30A1/ckYOKGjWpLoGp1VwKBd2Dc54u2yOvNCaEjeLPv9xBJyguGgQ9A7BqCpLq+OsozX1j02zoTyZNkNd9hDKyyAWbMqGkFuVi+iH+Tr6eDJTQUCXuDnQNhPL1Nxrmg/AfKqizkyh3Vz9N/4FRvieZNF4r3JSAptrOgExczjY8+jaCmWBl29YhUj02EI7pM2k/ygQ/ZtTsalUkoVagITXvRuXN5JZptl1EfyVAblwiKDvDOnQtDxb78B+SYBuIWLFXySkqrr+MGviziBXYgvynfjGGvS4jTEzLwpTqDU9LieSfv9HuJUHiEBTvOCCbcl5d9rs0uiuY7eGaSS9A9Od6SPhXEh6rQSrIzIDPvw8yFmL5CUGjjl+w/4yUpZNydb5oXz+KI0gBlDk4YcEQ5oBk24vrvxymsYUKP6N+Sosq8gvj9KrIDT5VrENzydb4TRasqtvMI2jxdtFcHunWxTIifd7wv2oWIgfD6c90qNgWOQFUNHfeNLMu+OAQAUA1eIlDSO+Xiy9qFYljzZhvBTLDAgc3NaC3S+HDVOkQ4hKtrI7e/rbTLVIQatwcwpkQi3+B6QrDVUbXNMZtckLJIWrZoJ4dpvUKJaeRyGI1q7zQh0gcGtJkmA9jo/zlQHvgWCqMSaZ8Lj+/GW046f41NWfw== github068@gmail.com\n",
            "resource_group_name": "evaultion_rg",
            "tags": {},
            "timeouts": null
          },
          "sensitive_attributes": [],
          "private": "eyJlMmJmYjczMC1lY2FhLTExZTYtOGY4OC0zNDM2M2JjN2M0YzAiOnsiY3JlYXRlIjoyNzAwMDAwMDAwMDAwLCJkZWxldGUiOjI3MDAwMDAwMDAwMDAsInJlYWQiOjMwMDAwMDAwMDAwMCwidXBkYXRlIjoyNzAwMDAwMDAwMDAwfX0=",
          "dependencies": [
            "azurerm_resource_group.rg"
          ]
        }
      ]
    },
    {
      "mode": "managed",
      "type": "azurerm_subnet",
      "name": "subnet1",
      "provider": "provider[\"registry.terraform.io/hashicorp/azurerm\"]",
      "instances": [
        {
          "schema_version": 0,
          "attributes": {
            "address_prefixes": [
              "10.5.1.0/24",
              "10.5.2.0/24"
            ],
            "default_outbound_access_enabled": true,
            "delegation": [],
            "id": "/subscriptions/28e22318-ce45-4187-bd12-b3954b658426/resourceGroups/evaultion_rg/providers/Microsoft.Network/virtualNetworks/network_1/subnets/test_subnet1",
            "name": "test_subnet1",
            "private_endpoint_network_policies": "Disabled",
            "private_link_service_network_policies_enabled": true,
            "resource_group_name": "evaultion_rg",
            "service_endpoint_policy_ids": [],
            "service_endpoints": [],
            "timeouts": null,
            "virtual_network_name": "network_1"
          },
          "sensitive_attributes": [],
          "private": "eyJlMmJmYjczMC1lY2FhLTExZTYtOGY4OC0zNDM2M2JjN2M0YzAiOnsiY3JlYXRlIjoxODAwMDAwMDAwMDAwLCJkZWxldGUiOjE4MDAwMDAwMDAwMDAsInJlYWQiOjMwMDAwMDAwMDAwMCwidXBkYXRlIjoxODAwMDAwMDAwMDAwfX0=",
          "dependencies": [
            "azurerm_resource_group.rg"
          ]
        }
      ]
    },
    {
      "mode": "managed",
      "type": "azurerm_subnet",
      "name": "subnet2",
      "provider": "provider[\"registry.terraform.io/hashicorp/azurerm\"]",
      "instances": [
        {
          "schema_version": 0,
          "attributes": {
            "address_prefixes": [
              "10.15.0.0/24",
              "10.15.2.0/24"
            ],
            "default_outbound_access_enabled": true,
            "delegation": [],
            "id": "/subscriptions/28e22318-ce45-4187-bd12-b3954b658426/resourceGroups/evaultion_rg/providers/Microsoft.Network/virtualNetworks/network_2/subnets/test_subnet2",
            "name": "test_subnet2",
            "private_endpoint_network_policies": "Disabled",
            "private_link_service_network_policies_enabled": true,
            "resource_group_name": "evaultion_rg",
            "service_endpoint_policy_ids": [],
            "service_endpoints": [],
            "timeouts": null,
            "virtual_network_name": "network_2"
          },
          "sensitive_attributes": [],
          "private": "eyJlMmJmYjczMC1lY2FhLTExZTYtOGY4OC0zNDM2M2JjN2M0YzAiOnsiY3JlYXRlIjoxODAwMDAwMDAwMDAwLCJkZWxldGUiOjE4MDAwMDAwMDAwMDAsInJlYWQiOjMwMDAwMDAwMDAwMCwidXBkYXRlIjoxODAwMDAwMDAwMDAwfX0=",
          "dependencies": [
            "azurerm_resource_group.rg"
          ]
        }
      ]
    },
    {
      "mode": "managed",
      "type": "azurerm_virtual_network",
      "name": "vnet_1",
      "provider": "provider[\"registry.terraform.io/hashicorp/azurerm\"]",
      "instances": [
        {
          "schema_version": 0,
          "attributes": {
            "address_space": [
              "10.5.0.0/16"
            ],
            "bgp_community": "",
            "ddos_protection_plan": [],
            "dns_servers": [],
            "edge_zone": "",
            "encryption": [],
            "flow_timeout_in_minutes": 0,
            "guid": "5d530c13-106f-4925-943c-ba04a500da02",
            "id": "/subscriptions/28e22318-ce45-4187-bd12-b3954b658426/resourceGroups/evaultion_rg/providers/Microsoft.Network/virtualNetworks/network_1",
            "location": "westeurope",
            "name": "network_1",
            "resource_group_name": "evaultion_rg",
            "subnet": [
              {
                "address_prefixes": [
                  "10.5.1.0/24",
                  "10.5.2.0/24"
                ],
                "default_outbound_access_enabled": true,
                "delegation": [],
                "id": "/subscriptions/28e22318-ce45-4187-bd12-b3954b658426/resourceGroups/evaultion_rg/providers/Microsoft.Network/virtualNetworks/network_1/subnets/test_subnet1",
                "name": "test_subnet1",
                "private_endpoint_network_policies": "Disabled",
                "private_link_service_network_policies_enabled": true,
                "route_table_id": "",
                "security_group": "",
                "service_endpoint_policy_ids": [],
                "service_endpoints": []
              }
            ],
            "tags": {},
            "timeouts": null
          },
          "sensitive_attributes": [],
          "private": "eyJlMmJmYjczMC1lY2FhLTExZTYtOGY4OC0zNDM2M2JjN2M0YzAiOnsiY3JlYXRlIjoxODAwMDAwMDAwMDAwLCJkZWxldGUiOjE4MDAwMDAwMDAwMDAsInJlYWQiOjMwMDAwMDAwMDAwMCwidXBkYXRlIjoxODAwMDAwMDAwMDAwfX0=",
          "dependencies": [
            "azurerm_resource_group.rg"
          ]
        }
      ]
    },
    {
      "mode": "managed",
      "type": "azurerm_virtual_network",
      "name": "vnet_2",
      "provider": "provider[\"registry.terraform.io/hashicorp/azurerm\"]",
      "instances": [
        {
          "schema_version": 0,
          "attributes": {
            "address_space": [
              "10.15.0.0/16"
            ],
            "bgp_community": "",
            "ddos_protection_plan": [],
            "dns_servers": [],
            "edge_zone": "",
            "encryption": [],
            "flow_timeout_in_minutes": 0,
            "guid": "ef9eb326-69bb-4ac9-8ae2-7944b287ea2b",
            "id": "/subscriptions/28e22318-ce45-4187-bd12-b3954b658426/resourceGroups/evaultion_rg/providers/Microsoft.Network/virtualNetworks/network_2",
            "location": "westeurope",
            "name": "network_2",
            "resource_group_name": "evaultion_rg",
            "subnet": [
              {
                "address_prefixes": [
                  "10.15.0.0/24",
                  "10.15.2.0/24"
                ],
                "default_outbound_access_enabled": true,
                "delegation": [],
                "id": "/subscriptions/28e22318-ce45-4187-bd12-b3954b658426/resourceGroups/evaultion_rg/providers/Microsoft.Network/virtualNetworks/network_2/subnets/test_subnet2",
                "name": "test_subnet2",
                "private_endpoint_network_policies": "Disabled",
                "private_link_service_network_policies_enabled": true,
                "route_table_id": "",
                "security_group": "",
                "service_endpoint_policy_ids": [],
                "service_endpoints": []
              }
            ],
            "tags": {},
            "timeouts": null
          },
          "sensitive_attributes": [],
          "private": "eyJlMmJmYjczMC1lY2FhLTExZTYtOGY4OC0zNDM2M2JjN2M0YzAiOnsiY3JlYXRlIjoxODAwMDAwMDAwMDAwLCJkZWxldGUiOjE4MDAwMDAwMDAwMDAsInJlYWQiOjMwMDAwMDAwMDAwMCwidXBkYXRlIjoxODAwMDAwMDAwMDAwfX0=",
          "dependencies": [
            "azurerm_resource_group.rg"
          ]
        }
      ]
    },
    {
      "mode": "managed",
      "type": "azurerm_virtual_network_peering",
      "name": "peering",
      "provider": "provider[\"registry.terraform.io/hashicorp/azurerm\"]",
      "instances": [
        {
          "schema_version": 0,
          "attributes": {
            "allow_forwarded_traffic": true,
            "allow_gateway_transit": false,
            "allow_virtual_network_access": true,
            "id": "/subscriptions/28e22318-ce45-4187-bd12-b3954b658426/resourceGroups/evaultion_rg/providers/Microsoft.Network/virtualNetworks/network_1/virtualNetworkPeerings/vnet_peering",
            "local_subnet_names": [],
            "name": "vnet_peering",
            "only_ipv6_peering_enabled": false,
            "peer_complete_virtual_networks_enabled": true,
            "remote_subnet_names": [],
            "remote_virtual_network_id": "/subscriptions/28e22318-ce45-4187-bd12-b3954b658426/resourceGroups/evaultion_rg/providers/Microsoft.Network/virtualNetworks/network_2",
            "resource_group_name": "evaultion_rg",
            "timeouts": null,
            "triggers": null,
            "use_remote_gateways": false,
            "virtual_network_name": "network_1"
          },
          "sensitive_attributes": [],
          "private": "eyJlMmJmYjczMC1lY2FhLTExZTYtOGY4OC0zNDM2M2JjN2M0YzAiOnsiY3JlYXRlIjoxODAwMDAwMDAwMDAwLCJkZWxldGUiOjE4MDAwMDAwMDAwMDAsInJlYWQiOjMwMDAwMDAwMDAwMCwidXBkYXRlIjoxODAwMDAwMDAwMDAwfX0=",
          "dependencies": [
            "azurerm_resource_group.rg",
            "azurerm_virtual_network.vnet_1",
            "azurerm_virtual_network.vnet_2"
          ]
        }
      ]
    }
  ],
  "check_results": null
}
